
Microsoft Visual Studio Solution File, Format Version 12.00
# Visual Studio 15
VisualStudioVersion = 15.0.28307.136
MinimumVisualStudioVersion = 10.0.40219.1
Project("{FAE04EC0-301F-11D3-BF4B-00C04F79EFBC}") = "Blog.SplRepository.Api", "Blog.SplRepository.Api\Blog.SplRepository.Api.csproj", "{05CC5D13-0B46-4938-B0D4-E6E843EE3F5F}"
EndProject
Project("{FAE04EC0-301F-11D3-BF4B-00C04F79EFBC}") = "Blog.SplRepository.Core", "Blog.SplRepository.Core\Blog.SplRepository.Core.csproj", "{A3265B70-8492-43C2-816B-29AD6F3B4243}"
EndProject
Project("{FAE04EC0-301F-11D3-BF4B-00C04F79EFBC}") = "Blog.SplRepository.Infrastructure", "Blog.SplRepository.Infrastructure\Blog.SplRepository.Infrastructure.csproj", "{17329799-9D83-4201-8C59-0C5E65A0A91C}"
EndProject
Global
	GlobalSection(SolutionConfigurationPlatforms) = preSolution
		Debug|Any CPU = Debug|Any CPU
		Release|Any CPU = Release|Any CPU
	EndGlobalSection
	GlobalSection(ProjectConfigurationPlatforms) = postSolution
		{05CC5D13-0B46-4938-B0D4-E6E843EE3F5F}.Debug|Any CPU.ActiveCfg = Debug|Any CPU
		{05CC5D13-0B46-4938-B0D4-E6E843EE3F5F}.Debug|Any CPU.Build.0 = Debug|Any CPU
		{05CC5D13-0B46-4938-B0D4-E6E843EE3F5F}.Release|Any CPU.ActiveCfg = Release|Any CPU
		{05CC5D13-0B46-4938-B0D4-E6E843EE3F5F}.Release|Any CPU.Build.0 = Release|Any CPU
		{A3265B70-8492-43C2-816B-29AD6F3B4243}.Debug|Any CPU.ActiveCfg = Debug|Any CPU
		{A3265B70-8492-43C2-816B-29AD6F3B4243}.Debug|Any CPU.Build.0 = Debug|Any CPU
		{A3265B70-8492-43C2-816B-29AD6F3B4243}.Release|Any CPU.ActiveCfg = Release|Any CPU
		{A3265B70-8492-43C2-816B-29AD6F3B4243}.Release|Any CPU.Build.0 = Release|Any CPU
		{17329799-9D83-4201-8C59-0C5E65A0A91C}.Debug|Any CPU.ActiveCfg = Debug|Any CPU
		{17329799-9D83-4201-8C59-0C5E65A0A91C}.Debug|Any CPU.Build.0 = Debug|Any CPU
		{17329799-9D83-4201-8C59-0C5E65A0A91C}.Release|Any CPU.ActiveCfg = Release|Any CPU
		{17329799-9D83-4201-8C59-0C5E65A0A91C}.Release|Any CPU.Build.0 = Release|Any CPU
	EndGlobalSection
	GlobalSection(SolutionProperties) = preSolution
		HideSolutionNode = FALSE
	EndGlobalSection
	GlobalSection(ExtensibilityGlobals) = postSolution
		SolutionGuid = {C35BAE5E-2B28-4E67-82FF-4F94076BE818}
	EndGlobalSection
EndGlobal
